{
    "_meta": {
        "hash": {
            "sha256": "980f8f51f065fc01930264760fc40300b1dc052e38c5758a69e9eabc74fda911"
        },
        "host-environment-markers": {
            "implementation_name": "cpython",
            "implementation_version": "3.6.3",
            "os_name": "posix",
            "platform_machine": "x86_64",
            "platform_python_implementation": "CPython",
            "platform_release": "4.10.0-38-generic",
            "platform_system": "Linux",
            "platform_version": "#42~16.04.1-Ubuntu SMP Tue Oct 10 16:32:20 UTC 2017",
            "python_full_version": "3.6.3",
            "python_version": "3.6",
            "sys_platform": "linux"
        },
        "pipfile-spec": 6,
        "requires": {
            "python_version": "3.6.3"
        },
        "sources": [
            {
                "name": "pypi",
                "url": "https://pypi.python.org/simple",
                "verify_ssl": true
            }
        ]
    },
    "default": {
        "aiohttp": {
            "hashes": [
                "sha256:cb281a30655efe939550b7dfbe8c5d6e84951caf52510528a88ae7fe483109ae",
                "sha256:7ff6173cc691a44845e10f452d52932f12b45c6d5db85f5702b17d15addda808",
                "sha256:e5c2c16ae815d883d4072f2d4542effdeae1d9a464b56bd06186d9eeca1981fe",
                "sha256:bd920a8b5da1e0ed89c1a688d1ed252ba71189ff747747d38803728a9fba17d4",
                "sha256:34dc28c31786f43dcd5a25e19da1dd8a5289d338f4ed1a1a9e5d1431ad4b79e2",
                "sha256:8b5087310db23b1976776beedab05c8aa8e490755e9f3473fc1f07aa0cbe3bb9",
                "sha256:3654f4913a6c02e742051881f94b7b8a9dfe527318e8d7a7dd2f2d8474b0c082",
                "sha256:9af1260050bb29db245d284c659e710161c45575f8fb365202551c5fd43ed1c1",
                "sha256:0589a94051aa0573b28eb5d330a0d12cee891d2ed9fd9323c9ddbe322e88fc15",
                "sha256:b3b047ecd8b899f99d669f5e22aeabcc77e78f3eb4ee985755ec49c53fcccfc2",
                "sha256:b73d90381c915c8f873da65520af3e8ac8d26e054b9bc849faa802b25623172a",
                "sha256:e698a369200b6d4e50a493cf1da4a25f5457f61afd5e7fe91b40f9859f632d1f",
                "sha256:c58ddcb3ef4dde692e98738f6b3d06650d2b2722910e4d18184530ff8d092d95",
                "sha256:0965fa5e798b7faacd6417eeb5c476aa6a7d730ba2793106e5bae610fdb043cb",
                "sha256:3979ef9071bd3c909d33cc333bde356f7063555ad8a0383e53f18dc31131b7d8",
                "sha256:85caf471c5216d615b01443293cc5ead7502053dedd804da32dd35de816a7436",
                "sha256:63de1a47530b7bf770f1ad26f342ea94babb451ae04cd3119e87cbfea1c970e5",
                "sha256:04a8c24a376bb547c0c9b6e721d6ced23062d262d24d5e63a3e383c8b49e14ef",
                "sha256:9e70efab3bfea1493f3099031e3731a6519adad62e6d3f464b429a80a6e2ff6f",
                "sha256:c7cb8d2be2f3351a28bee9deca1194e1402171c47b52f16708321ef4ce682333",
                "sha256:ab9e7ecf375387ae3d17ac25492801860f2726f541d73cf1108fa157e1da75a3",
                "sha256:42373fbdbe8f09233c17e74f53cee877bc7d5b495b4fc14c32a119255e85e736"
            ],
            "version": "==2.3.2"
        },
        "aioredis": {
            "hashes": [
                "sha256:6f529cf90261d840c4945567e8466ea306358d4cbf5b530fd129a062935f4423",
                "sha256:636fce5b716ff08c6f778d92957b4938e2dfcda21b5e67b46cc5a37244416835"
            ],
            "version": "==0.3.4"
        },
        "arrow": {
            "hashes": [
                "sha256:805906f09445afc1f0fc80187db8fe07670e3b25cdafa09b8d8ac264a8c0c722"
            ],
            "version": "==0.10.0"
        },
        "async-timeout": {
            "hashes": [
                "sha256:d3a195a827b0f4068d1616ae2da04aac62e365d14f2b13dbc071f9feed9db4e2",
                "sha256:c17d8ac2d735d59aa62737d76f2787a6c938f5a944ecf768a8c0ab70b0dea566"
            ],
            "version": "==2.0.0"
        },
        "cchardet": {
            "hashes": [
                "sha256:e47d90a8484cc425ca4c13a204901e24e2d0b3e206deef7cf391c10639d33d6b",
                "sha256:a62b29c8c5a41f5ae95f620746d6db03b86fb259340fd991c9a608aabc60a275",
                "sha256:b94a65d3a8cc900058e6aaedc0dde9c99ffe436d8670d156784d7b561b874cf5",
                "sha256:823a981ba75fe8c12a0a0259eb80ec3a657273559f6d7445ba6fe2d2b061c8f9",
                "sha256:7187a01130b838cea449904f3aa5c0bee0609fcc0f5f667f4ce08ea99d102ddc",
                "sha256:f4e3d0d9a0113cdfbc2fafa995674c1c49ed4166543b454945ca44d6e2148935",
                "sha256:feda07443d732d86c9821671a898107b96ceb00462f405ec1dc08a353a9ddab0",
                "sha256:69311e20183056b45313475cc05c3e968faa2b14a466a6b0c23780645a462afe",
                "sha256:3f70d1c41f0694d1411b47868fdb7c3147fd1bf09c22e6565a765eedfb888989",
                "sha256:6e001eb2ff93c4c31a9952cf01c71f5f95c758314032094df5cf086168678b23",
                "sha256:36d58862c158de32ace6497e7bafc7f85049b35a3abbd65118baffbe2a1ec1e5",
                "sha256:d12b3f1913068975f9b9431f3cdc44488786523cc6d5467ffcb5bd43d3210157",
                "sha256:e32c4a420c6f7c6ea8d8a1fe36c60c70316a4ca1779dba2e00044b61d8ee2017",
                "sha256:e1c3addf0c7408f76b98bd5f55f3abe844716d47dd6ab0d32eea8caa11a8fa41",
                "sha256:6dfc76b71f66e002a99efa68efe4366143e8845b54cf5623eb05b5fa8fb030d6",
                "sha256:07dace80abce108d42a82be5a598797c0c07575741d81e698819bd42d367cdde",
                "sha256:eb8ee148e9fc13101e0e19ac98552d24b82731fcfddc915eed216c13ebbebec0",
                "sha256:d6c8eb90a9aa77f94e040a75d563f65849ab3b0c8f675b27928a91583648f8f8",
                "sha256:9c9269208b9f8d7446dbd970f6544ce48104096efab0f769ee5918066ba1ee7e"
            ],
            "version": "==2.1.1"
        },
        "chardet": {
            "hashes": [
                "sha256:fc323ffcaeaed0e0a02bf4d117757b98aed530d9ed4531e3e15460124c106691",
                "sha256:84ab92ed1c4d4f16916e05906b6b75a6c0fb5db821cc65e70cbd64a3e2a5eaae"
            ],
            "version": "==3.0.4"
        },
        "click": {
            "hashes": [
                "sha256:29f99fc6125fbc931b758dc053b3114e55c77a6e4c6c3a2674a2dc986016381d",
                "sha256:f15516df478d5a56180fbf80e68f206010e6d160fc39fa508b65e035fd75130b"
            ],
            "version": "==6.7"
        },
        "faker": {
            "hashes": [
                "sha256:f2d7f4b0956bd610645aa7c62ae6a30fc323936b6298e521847410509236f389",
                "sha256:3c98dd04bba667ecfddb77fcd0dfd19b376b258d21beeaf5b95578826e275a83"
            ],
            "version": "==0.8.6"
        },
        "flask": {
            "hashes": [
                "sha256:0749df235e3ff61ac108f69ac178c9770caeaccad2509cb762ce1f65570a8856",
                "sha256:49f44461237b69ecd901cc7ce66feea0319b9158743dd27a2899962ab214dac1"
            ],
            "version": "==0.12.2"
        },
        "hiredis": {
            "hashes": [
                "sha256:ca958e13128e49674aa4a96f02746f5de5973f39b57297b84d59fd44d314d5b5"
            ],
            "version": "==0.2.0"
        },
        "itsdangerous": {
            "hashes": [
                "sha256:cbb3fcf8d3e33df861709ecaf89d9e6629cff0a217bc2848f1b41cd30d360519"
            ],
            "version": "==0.24"
        },
        "jinja2": {
            "hashes": [
                "sha256:2231bace0dfd8d2bf1e5d7e41239c06c9e0ded46e70cc1094a0aa64b0afeb054",
                "sha256:ddaa01a212cd6d641401cb01b605f4a4d9f37bfc93043d7f760ec70fb99ff9ff"
            ],
            "version": "==2.9.6"
        },
        "markupsafe": {
            "hashes": [
                "sha256:a6be69091dac236ea9c6bc7d012beab42010fa914c459791d627dad4910eb665"
            ],
            "version": "==1.0"
        },
        "multidict": {
            "hashes": [
                "sha256:d12dfcff45b5c0eb3d586289cbf928012e75f93f10f4b9d7af903acb07b3c226",
                "sha256:f7deb65a184cbe757faaf4c6d2b8f203cb1a11dd44603a34d7befc343253d5bf",
                "sha256:80ad69b8330135b52a6da7a1f0ab6a278025bb72ea08768966785c829f515a6f",
                "sha256:3261b631cd6d079e6a20def3306b433794f800ea896dce4f1d5e833ad9bf6f26",
                "sha256:80e2bd17ea98fe77867771e1ee03433a54fa492a8413966a6caa766bdd6d6e62",
                "sha256:8eb59892040198741944eafca0c34be4da6b58be7fddf6e491a2d9e7e1767548",
                "sha256:24ec0d645ca70981e1c84e97e48c874b47f4970a173c8c751be9c213a8658e40",
                "sha256:167558cfb7c43077b3d8602142109f2b52fae0841a7ff97eb0a7443db199f303",
                "sha256:80abc93d197e24fb7c5aa5a8be3eacbcbc7115a2ff64e46162a4c2b46cd2f75a",
                "sha256:ff2b92a41df2e4c5cafaefb782469f3e6053ed00026d75a398521096192d0408",
                "sha256:5cfb63f0ddfa86ce6e80eee64e4fe886f9dfdb6dbbd724997bccb66513b0e29f",
                "sha256:50dac1151e34974b04419073ee9726f4180c6daf3454fd4af258824a19ad8c1d",
                "sha256:ebf1ba2af62dbaa37cf3db346830bb43d40d05a5f1f1966888a620f9b795e7c7",
                "sha256:3f513f3bf933d7cb6f5741f6676d4fac1e96aa634161c071974f9bb86a7bbac9",
                "sha256:ef6dc6e2d51b6058aa62cdd44dbf02c250c19eee6ff0065babc0ac126b068d43",
                "sha256:90dc3b8fefc58a865d64957f8f901d724250ba2a40e02f49d0df0103e96f5afa",
                "sha256:70630854b820d73ae102440123df38c983d77cd4ae444f3930a6bb6bbda87b76",
                "sha256:faf2b6447521d2075d03fb5e7c5467bac68f67df1c69e034ebca3afb6b3c619d",
                "sha256:eb7d5d39463137726138fc14c8458131136b8f4b06ba65f1cecd7aa6abe91df1",
                "sha256:fa04df1503fae7045883c57db47ba0c07de2ebe4a91c3e64d56f20d3d99e5dc8",
                "sha256:bce16633f3ee88863e4c9bcd7e037a6133c56fd9e7e7c0776bbaeeddcf154ac4",
                "sha256:f82e61c7408ed0dce1862100db55595481911f159d6ddec0b375d35b6449509b"
            ],
            "version": "==3.3.2"
        },
        "python-dateutil": {
            "hashes": [
                "sha256:95511bae634d69bc7329ba55e646499a842bc4ec342ad54a8cdb65645a0aad3c",
                "sha256:891c38b2a02f5bb1be3e4793866c8df49c7d19baabf9c1bad62547e0b4866aca"
            ],
            "version": "==2.6.1"
        },
        "python-dotenv": {
            "hashes": [
                "sha256:dc7940052cfe170e881aea40feb4ea7776e6a97170ed038fd2ee7e26e47585f2",
                "sha256:45e927c34204c90f5faa35ea8709b894f6b1a7712d77eb50940601068040993b"
            ],
            "version": "==0.7.1"
        },
        "six": {
            "hashes": [
                "sha256:832dc0e10feb1aa2c68dcc57dbb658f1c7e65b9b61af69048abc87a2db00a0eb",
                "sha256:70e8a77beed4562e7f14fe23a786b54f6296e34344c23bc42f07b15018ff98e9"
            ],
            "version": "==1.11.0"
        },
        "text-unidecode": {
            "hashes": [
                "sha256:b7a515d2b14d476b35f7701ceac9872737cbb7a8b2cd07431f3cd73837b97a18",
                "sha256:1943a4bfb52f2b5068c8da25cdcfcf28c64c41d891dff70c662927c18ac58052"
            ],
            "version": "==1.0"
        },
        "uvloop": {
            "hashes": [
                "sha256:c29d8203fff2eb2d5e5b6d6a9bba008c39bd425117cc460914b58b0326d660d9",
                "sha256:fd5ce82603a328c8029d10faf58714e8377ecd313f6e1244f128a89cecbcc532",
                "sha256:04ab8d1ff18ebc8fd649742299557c1de1656c27e2b6e291c42443e4479d0878",
                "sha256:6b21fb185a9ed9e9dd60694585e6cc88a5d510779eacc37ce6d10821cdc3f68b",
                "sha256:a08921f636665295d62a233422895cb2c402264f1448f9d548ad9f0e0aed817e",
                "sha256:743054284de305d292076496ed3b7fd3b353fba5fe7ff8294774a5bc0cc933e9",
                "sha256:923b6e4982aea14a23565e6e62335a691b7a939bcc6802fbafa2a146ee3e8ac3"
            ],
            "version": "==0.8.1"
        },
        "werkzeug": {
            "hashes": [
                "sha256:e8549c143af3ce6559699a01e26fa4174f4c591dbee0a499f3cd4c3781cdec3d",
                "sha256:903a7b87b74635244548b30d30db4c8947fe64c5198f58899ddcd3a13c23bb26"
            ],
            "version": "==0.12.2"
        },
        "yarl": {
            "hashes": [
                "sha256:8b6a495e754269ba3817957dfe713532b7d5485cbcf3fce3e8624832f1156e3c",
                "sha256:14ff708e9813b961d5c0b9a30ae8323591deffca0ef4fa93fbaba94ec44f3560",
                "sha256:8756000c3ccf91acf9557401892864d2c869c0ae7c62e5d4fc3dd20ed5e8a3a7",
                "sha256:728b9b26d5927fd35b102c62c476bace5c5e0fb1275e7d4bb169d50720b1d687",
                "sha256:3a68281e8031b9eae9a1c186eff725ed31a66d4dbfd4dc7c0ceb1a15d4a0b09f",
                "sha256:dfacdfd8b350a10d66d2af0ef59fa56564cc03bcdcdd93a1aa6e65e9306f5882",
                "sha256:42d329be7cafa9210c17349fd2db90b967b76fc6fd411f9abaf450a9e7f7e2e4",
                "sha256:8d4a3ad001747e1225af47d46da935e507e7fe5e315bb4dbd235d5460b722488",
                "sha256:4dcf2e89e65745c4ae597a724a612dbdb2f38e92c0a5f145c9ec1701d4ddf384",
                "sha256:44e4ce0f59abbf7745ee450c3c4aa261a4deef83c7e1a3624dcc9db094d630e5",
                "sha256:626113e8649ff2e205ea49432c4c94f730326852905ba411fb82006e443f3231",
                "sha256:bfb4256496da1b1475a72e669464db539eca7b0fc3bddd231a64cf8afadb7efb",
                "sha256:25fe681a982f2cec567df8abac7cbd2ac27016e4aec89193945cab0643bfdb42"
            ],
            "version": "==0.13.0"
        }
    },
    "develop": {
        "aiohttp": {
            "hashes": [
                "sha256:cb281a30655efe939550b7dfbe8c5d6e84951caf52510528a88ae7fe483109ae",
                "sha256:7ff6173cc691a44845e10f452d52932f12b45c6d5db85f5702b17d15addda808",
                "sha256:e5c2c16ae815d883d4072f2d4542effdeae1d9a464b56bd06186d9eeca1981fe",
                "sha256:bd920a8b5da1e0ed89c1a688d1ed252ba71189ff747747d38803728a9fba17d4",
                "sha256:34dc28c31786f43dcd5a25e19da1dd8a5289d338f4ed1a1a9e5d1431ad4b79e2",
                "sha256:8b5087310db23b1976776beedab05c8aa8e490755e9f3473fc1f07aa0cbe3bb9",
                "sha256:3654f4913a6c02e742051881f94b7b8a9dfe527318e8d7a7dd2f2d8474b0c082",
                "sha256:9af1260050bb29db245d284c659e710161c45575f8fb365202551c5fd43ed1c1",
                "sha256:0589a94051aa0573b28eb5d330a0d12cee891d2ed9fd9323c9ddbe322e88fc15",
                "sha256:b3b047ecd8b899f99d669f5e22aeabcc77e78f3eb4ee985755ec49c53fcccfc2",
                "sha256:b73d90381c915c8f873da65520af3e8ac8d26e054b9bc849faa802b25623172a",
                "sha256:e698a369200b6d4e50a493cf1da4a25f5457f61afd5e7fe91b40f9859f632d1f",
                "sha256:c58ddcb3ef4dde692e98738f6b3d06650d2b2722910e4d18184530ff8d092d95",
                "sha256:0965fa5e798b7faacd6417eeb5c476aa6a7d730ba2793106e5bae610fdb043cb",
                "sha256:3979ef9071bd3c909d33cc333bde356f7063555ad8a0383e53f18dc31131b7d8",
                "sha256:85caf471c5216d615b01443293cc5ead7502053dedd804da32dd35de816a7436",
                "sha256:63de1a47530b7bf770f1ad26f342ea94babb451ae04cd3119e87cbfea1c970e5",
                "sha256:04a8c24a376bb547c0c9b6e721d6ced23062d262d24d5e63a3e383c8b49e14ef",
                "sha256:9e70efab3bfea1493f3099031e3731a6519adad62e6d3f464b429a80a6e2ff6f",
                "sha256:c7cb8d2be2f3351a28bee9deca1194e1402171c47b52f16708321ef4ce682333",
                "sha256:ab9e7ecf375387ae3d17ac25492801860f2726f541d73cf1108fa157e1da75a3",
                "sha256:42373fbdbe8f09233c17e74f53cee877bc7d5b495b4fc14c32a119255e85e736"
            ],
            "version": "==2.3.2"
        },
        "apipkg": {
            "hashes": [
                "sha256:65d2aa68b28e7d31233bb2ba8eb31cda40e4671f8ac2d6b241e358c9652a74b9",
                "sha256:2e38399dbe842891fe85392601aab8f40a8f4cc5a9053c326de35a1cc0297ac6"
            ],
            "version": "==1.4"
        },
        "async-timeout": {
            "hashes": [
                "sha256:d3a195a827b0f4068d1616ae2da04aac62e365d14f2b13dbc071f9feed9db4e2",
                "sha256:c17d8ac2d735d59aa62737d76f2787a6c938f5a944ecf768a8c0ab70b0dea566"
            ],
            "version": "==2.0.0"
        },
        "asynctest": {
            "hashes": [
                "sha256:f47eb8fd1f78a63a68709c2fd471bbde038deffd4e99b8d614b988a8610c09b2",
                "sha256:f7ef31994c5e751201bd6ce6f92f60f16ad798bfaed8e2b79a74afaa4475927b"
            ],
            "version": "==0.11.1"
        },
        "chardet": {
            "hashes": [
                "sha256:fc323ffcaeaed0e0a02bf4d117757b98aed530d9ed4531e3e15460124c106691",
                "sha256:84ab92ed1c4d4f16916e05906b6b75a6c0fb5db821cc65e70cbd64a3e2a5eaae"
            ],
            "version": "==3.0.4"
        },
        "coverage": {
            "hashes": [
                "sha256:d1ee76f560c3c3e8faada866a07a32485445e16ed2206ac8378bd90dadffb9f0",
                "sha256:007eeef7e23f9473622f7d94a3e029a45d55a92a1f083f0f3512f5ab9a669b05",
                "sha256:17307429935f96c986a1b1674f78079528833410750321d22b5fb35d1883828e",
                "sha256:845fddf89dca1e94abe168760a38271abfc2e31863fbb4ada7f9a99337d7c3dc",
                "sha256:3f4d0b3403d3e110d2588c275540649b1841725f5a11a7162620224155d00ba2",
                "sha256:4c4f368ffe1c2e7602359c2c50233269f3abe1c48ca6b288dcd0fb1d1c679733",
                "sha256:f8c55dd0f56d3d618dfacf129e010cbe5d5f94b6951c1b2f13ab1a2f79c284da",
                "sha256:cdd92dd9471e624cd1d8c1a2703d25f114b59b736b0f1f659a98414e535ffb3d",
                "sha256:2ad357d12971e77360034c1596011a03f50c0f9e1ecd12e081342b8d1aee2236",
                "sha256:e9a0e1caed2a52f15c96507ab78a48f346c05681a49c5b003172f8073da6aa6b",
                "sha256:eea9135432428d3ca7ee9be86af27cb8e56243f73764a9b6c3e0bda1394916be",
                "sha256:700d7579995044dc724847560b78ac786f0ca292867447afda7727a6fbaa082e",
                "sha256:66f393e10dd866be267deb3feca39babba08ae13763e0fc7a1063cbe1f8e49f6",
                "sha256:5ff16548492e8a12e65ff3d55857ccd818584ed587a6c2898a9ebbe09a880674",
                "sha256:d00e29b78ff610d300b2c37049a41234d48ea4f2d2581759ebcf67caaf731c31",
                "sha256:87d942863fe74b1c3be83a045996addf1639218c2cb89c5da18c06c0fe3917ea",
                "sha256:358d635b1fc22a425444d52f26287ae5aea9e96e254ff3c59c407426f44574f4",
                "sha256:81912cfe276e0069dca99e1e4e6be7b06b5fc8342641c6b472cb2fed7de7ae18",
                "sha256:079248312838c4c8f3494934ab7382a42d42d5f365f0cf7516f938dbb3f53f3f",
                "sha256:b0059630ca5c6b297690a6bf57bf2fdac1395c24b7935fd73ee64190276b743b",
                "sha256:493082f104b5ca920e97a485913de254cbe351900deed72d4264571c73464cd0",
                "sha256:e3ba9b14607c23623cf38f90b23f5bed4a3be87cbfa96e2e9f4eabb975d1e98b",
                "sha256:82cbd3317320aa63c65555aa4894bf33a13fb3a77f079059eb5935eea415938d",
                "sha256:9721f1b7275d3112dc7ccf63f0553c769f09b5c25a26ee45872c7f5c09edf6c1",
                "sha256:bd4800e32b4c8d99c3a2c943f1ac430cbf80658d884123d19639bcde90dad44a",
                "sha256:f29841e865590af72c4b90d7b5b8e93fd560f5dea436c1d5ee8053788f9285de",
                "sha256:f3a5c6d054c531536a83521c00e5d4004f1e126e2e2556ce399bef4180fbe540",
                "sha256:dd707a21332615108b736ef0b8513d3edaf12d2a7d5fc26cd04a169a8ae9b526",
                "sha256:2e1a5c6adebb93c3b175103c2f855eda957283c10cf937d791d81bef8872d6ca",
                "sha256:f87f522bde5540d8a4b11df80058281ac38c44b13ce29ced1e294963dd51a8f8",
                "sha256:a7cfaebd8f24c2b537fa6a271229b051cdac9c1734bb6f939ccfc7c055689baa",
                "sha256:309d91bd7a35063ec7a0e4d75645488bfab3f0b66373e7722f23da7f5b0f34cc",
                "sha256:0388c12539372bb92d6dde68b4627f0300d948965bbb7fc104924d715fdc0965",
                "sha256:ab3508df9a92c1d3362343d235420d08e2662969b83134f8a97dc1451cbe5e84",
                "sha256:43a155eb76025c61fc20c3d03b89ca28efa6f5be572ab6110b2fb68eda96bfea",
                "sha256:f98b461cb59f117887aa634a66022c0bd394278245ed51189f63a036516e32de",
                "sha256:b6cebae1502ce5b87d7c6f532fa90ab345cfbda62b95aeea4e431e164d498a3d",
                "sha256:a4497faa4f1c0fc365ba05eaecfb6b5d24e3c8c72e95938f9524e29dadb15e76",
                "sha256:2b4d7f03a8a6632598cbc5df15bbca9f778c43db7cf1a838f4fa2c8599a8691a",
                "sha256:1afccd7e27cac1b9617be8c769f6d8a6d363699c9b86820f40c74cfb3328921c"
            ],
            "version": "==4.4.2"
        },
        "execnet": {
            "hashes": [
                "sha256:fc155a6b553c66c838d1a22dba1dc9f5f505c43285a878c6f74a79c024750b83",
                "sha256:a7a84d5fa07a089186a329528f127c9d73b9de57f1a1131b82bb5320ee651f6a"
            ],
            "version": "==1.5.0"
        },
        "multidict": {
            "hashes": [
                "sha256:d12dfcff45b5c0eb3d586289cbf928012e75f93f10f4b9d7af903acb07b3c226",
                "sha256:f7deb65a184cbe757faaf4c6d2b8f203cb1a11dd44603a34d7befc343253d5bf",
                "sha256:80ad69b8330135b52a6da7a1f0ab6a278025bb72ea08768966785c829f515a6f",
                "sha256:3261b631cd6d079e6a20def3306b433794f800ea896dce4f1d5e833ad9bf6f26",
                "sha256:80e2bd17ea98fe77867771e1ee03433a54fa492a8413966a6caa766bdd6d6e62",
                "sha256:8eb59892040198741944eafca0c34be4da6b58be7fddf6e491a2d9e7e1767548",
                "sha256:24ec0d645ca70981e1c84e97e48c874b47f4970a173c8c751be9c213a8658e40",
                "sha256:167558cfb7c43077b3d8602142109f2b52fae0841a7ff97eb0a7443db199f303",
                "sha256:80abc93d197e24fb7c5aa5a8be3eacbcbc7115a2ff64e46162a4c2b46cd2f75a",
                "sha256:ff2b92a41df2e4c5cafaefb782469f3e6053ed00026d75a398521096192d0408",
                "sha256:5cfb63f0ddfa86ce6e80eee64e4fe886f9dfdb6dbbd724997bccb66513b0e29f",
                "sha256:50dac1151e34974b04419073ee9726f4180c6daf3454fd4af258824a19ad8c1d",
                "sha256:ebf1ba2af62dbaa37cf3db346830bb43d40d05a5f1f1966888a620f9b795e7c7",
                "sha256:3f513f3bf933d7cb6f5741f6676d4fac1e96aa634161c071974f9bb86a7bbac9",
                "sha256:ef6dc6e2d51b6058aa62cdd44dbf02c250c19eee6ff0065babc0ac126b068d43",
                "sha256:90dc3b8fefc58a865d64957f8f901d724250ba2a40e02f49d0df0103e96f5afa",
                "sha256:70630854b820d73ae102440123df38c983d77cd4ae444f3930a6bb6bbda87b76",
                "sha256:faf2b6447521d2075d03fb5e7c5467bac68f67df1c69e034ebca3afb6b3c619d",
                "sha256:eb7d5d39463137726138fc14c8458131136b8f4b06ba65f1cecd7aa6abe91df1",
                "sha256:fa04df1503fae7045883c57db47ba0c07de2ebe4a91c3e64d56f20d3d99e5dc8",
                "sha256:bce16633f3ee88863e4c9bcd7e037a6133c56fd9e7e7c0776bbaeeddcf154ac4",
                "sha256:f82e61c7408ed0dce1862100db55595481911f159d6ddec0b375d35b6449509b"
            ],
            "version": "==3.3.2"
        },
        "py": {
            "hashes": [
                "sha256:2ccb79b01769d99115aa600d7eed99f524bf752bba8f041dc1c184853514655a",
                "sha256:0f2d585d22050e90c7d293b6451c83db097df77871974d90efd5a30dc12fcde3"
            ],
            "version": "==1.4.34"
        },
        "pytest": {
            "hashes": [
                "sha256:81a25f36a97da3313e1125fce9e7bbbba565bc7fec3c5beb14c262ddab238ac1",
                "sha256:27fa6617efc2869d3e969a3e75ec060375bfb28831ade8b5cdd68da3a741dc3c"
            ],
            "version": "==3.2.3"
        },
        "pytest-aiohttp": {
            "hashes": [
                "sha256:2ed6c5f40600cea0a2864ff9bcc92c36aaa8b4564f08007d448e07b05ab46437",
                "sha256:c2391c424b5342f9234f5f56f15183d167050b50c08c96258c1816cdb5a0283f"
            ],
            "version": "==0.1.3"
        },
        "pytest-asyncio": {
            "hashes": [
                "sha256:286b50773e996c80d894b95afaf45df6952408a67a59979ca9839f94693ec7fd",
                "sha256:f32804bb58a66e13a3eda11f8942a71b1b6a30466b0d2ffe9214787aab0e172e"
            ],
            "version": "==0.8.0"
        },
        "pytest-cov": {
            "hashes": [
                "sha256:890fe5565400902b0c78b5357004aab1c814115894f4f21370e2433256a3eeec",
                "sha256:03aa752cf11db41d281ea1d807d954c4eda35cfa1b21d6971966cc041bbf6e2d"
            ],
            "version": "==2.5.1"
        },
        "pytest-forked": {
            "hashes": [
                "sha256:f275cb48a73fc61a6710726348e1da6d68a978f0ec0c54ece5a5fae5977e5a08",
                "sha256:e4500cd0509ec4a26535f7d4112a8cc0f17d3a41c29ffd4eab479d2a55b30805"
            ],
            "version": "==0.2"
        },
        "pytest-sugar": {
            "hashes": [
                "sha256:8f1aca70235559f95abe2d7508a029d933e9c9961888d74d423e6460678a9686"
            ],
            "version": "==0.9.0"
        },
        "pytest-xdist": {
            "hashes": [
                "sha256:997ed2d6ed487fc41e16b5a0d00b944574a2f635375ee7fbea6a1d6b3876e2cd",
                "sha256:433e82f9b34986a4e4b2be38c60e82cca3ac64b7e1b38f4d8e3e118292939712"
            ],
            "version": "==1.20.1"
        },
        "termcolor": {
            "hashes": [
                "sha256:1d6d69ce66211143803fbc56652b41d73b4a400a2891d7bf7a1cdf4c02de613b"
            ],
            "version": "==1.1.0"
        },
        "yarl": {
            "hashes": [
                "sha256:8b6a495e754269ba3817957dfe713532b7d5485cbcf3fce3e8624832f1156e3c",
                "sha256:14ff708e9813b961d5c0b9a30ae8323591deffca0ef4fa93fbaba94ec44f3560",
                "sha256:8756000c3ccf91acf9557401892864d2c869c0ae7c62e5d4fc3dd20ed5e8a3a7",
                "sha256:728b9b26d5927fd35b102c62c476bace5c5e0fb1275e7d4bb169d50720b1d687",
                "sha256:3a68281e8031b9eae9a1c186eff725ed31a66d4dbfd4dc7c0ceb1a15d4a0b09f",
                "sha256:dfacdfd8b350a10d66d2af0ef59fa56564cc03bcdcdd93a1aa6e65e9306f5882",
                "sha256:42d329be7cafa9210c17349fd2db90b967b76fc6fd411f9abaf450a9e7f7e2e4",
                "sha256:8d4a3ad001747e1225af47d46da935e507e7fe5e315bb4dbd235d5460b722488",
                "sha256:4dcf2e89e65745c4ae597a724a612dbdb2f38e92c0a5f145c9ec1701d4ddf384",
                "sha256:44e4ce0f59abbf7745ee450c3c4aa261a4deef83c7e1a3624dcc9db094d630e5",
                "sha256:626113e8649ff2e205ea49432c4c94f730326852905ba411fb82006e443f3231",
                "sha256:bfb4256496da1b1475a72e669464db539eca7b0fc3bddd231a64cf8afadb7efb",
                "sha256:25fe681a982f2cec567df8abac7cbd2ac27016e4aec89193945cab0643bfdb42"
            ],
            "version": "==0.13.0"
        }
    }
}
